
Microsoft Visual Studio Solution File, Format Version 12.00
# Visual Studio Version 17
VisualStudioVersion = 17.8.34330.188
MinimumVisualStudioVersion = 10.0.40219.1
Project("{FAE04EC0-301F-11D3-BF4B-00C04F79EFBC}") = "native", "native.csproj", "{D080EF1E-9489-4EDB-87C7-1D98347BD48B}"
EndProject
Global
	GlobalSection(SolutionConfigurationPlatforms) = preSolution
		Debug|Any CPU = Debug|Any CPU
		Release|Any CPU = Release|Any CPU
	EndGlobalSection
	GlobalSection(ProjectConfigurationPlatforms) = postSolution
		{D080EF1E-9489-4EDB-87C7-1D98347BD48B}.Debug|Any CPU.ActiveCfg = Debug|Any CPU
		{D080EF1E-9489-4EDB-87C7-1D98347BD48B}.Debug|Any CPU.Build.0 = Debug|Any CPU
		{D080EF1E-9489-4EDB-87C7-1D98347BD48B}.Release|Any CPU.ActiveCfg = Release|Any CPU
		{D080EF1E-9489-4EDB-87C7-1D98347BD48B}.Release|Any CPU.Build.0 = Release|Any CPU
	EndGlobalSection
	GlobalSection(SolutionProperties) = preSolution
		HideSolutionNode = FALSE
	EndGlobalSection
	GlobalSection(ExtensibilityGlobals) = postSolution
		SolutionGuid = {68E9EE54-DEF2-4343-91EB-C5AFC0CB7CD6}
	EndGlobalSection
EndGlobal
